
Microsoft Visual Studio Solution File, Format Version 12.00
# Visual Studio Version 16
VisualStudioVersion = 16.0.29411.108
MinimumVisualStudioVersion = 10.0.40219.1
Project("{FAE04EC0-301F-11D3-BF4B-00C04F79EFBC}") = "PinkPig", "PinkPig\PinkPig.csproj", "{15DEFDA8-B5E5-4FD4-9C28-7DDB0216FBCA}"
EndProject
Global
	GlobalSection(SolutionConfigurationPlatforms) = preSolution
		Debug|Any CPU = Debug|Any CPU
		Release|Any CPU = Release|Any CPU
	EndGlobalSection
	GlobalSection(ProjectConfigurationPlatforms) = postSolution
		{15DEFDA8-B5E5-4FD4-9C28-7DDB0216FBCA}.Debug|Any CPU.ActiveCfg = Debug|Any CPU
		{15DEFDA8-B5E5-4FD4-9C28-7DDB0216FBCA}.Debug|Any CPU.Build.0 = Debug|Any CPU
		{15DEFDA8-B5E5-4FD4-9C28-7DDB0216FBCA}.Release|Any CPU.ActiveCfg = Release|Any CPU
		{15DEFDA8-B5E5-4FD4-9C28-7DDB0216FBCA}.Release|Any CPU.Build.0 = Release|Any CPU
	EndGlobalSection
	GlobalSection(SolutionProperties) = preSolution
		HideSolutionNode = FALSE
	EndGlobalSection
	GlobalSection(ExtensibilityGlobals) = postSolution
		SolutionGuid = {10438ADF-230D-465C-A2EC-DA58DFA39A73}
	EndGlobalSection
EndGlobal
